
Microsoft Visual Studio Solution File, Format Version 12.00
# Visual Studio Version 17
VisualStudioVersion = 17.1.32319.34
MinimumVisualStudioVersion = 10.0.40219.1
Project("{FAE04EC0-301F-11D3-BF4B-00C04F79EFBC}") = "World", "World\World.csproj", "{89216A96-6722-44D0-8C2D-FA0E126EA182}"
EndProject
Global
	GlobalSection(SolutionConfigurationPlatforms) = preSolution
		Debug|Any CPU = Debug|Any CPU
		Release|Any CPU = Release|Any CPU
	EndGlobalSection
	GlobalSection(ProjectConfigurationPlatforms) = postSolution
		{89216A96-6722-44D0-8C2D-FA0E126EA182}.Debug|Any CPU.ActiveCfg = Debug|Any CPU
		{89216A96-6722-44D0-8C2D-FA0E126EA182}.Debug|Any CPU.Build.0 = Debug|Any CPU
		{89216A96-6722-44D0-8C2D-FA0E126EA182}.Release|Any CPU.ActiveCfg = Release|Any CPU
		{89216A96-6722-44D0-8C2D-FA0E126EA182}.Release|Any CPU.Build.0 = Release|Any CPU
	EndGlobalSection
	GlobalSection(SolutionProperties) = preSolution
		HideSolutionNode = FALSE
	EndGlobalSection
	GlobalSection(ExtensibilityGlobals) = postSolution
		SolutionGuid = {25F1F78D-7923-458F-A385-9C99646E38B0}
	EndGlobalSection
EndGlobal
